Microsoft Visual Studio Solution File, Format Version 12.00
# Visual Studio Version 17
VisualStudioVersion = 17.5.2.0
MinimumVisualStudioVersion = 10.0.40219.1
Project("{FAE04EC0-301F-11D3-BF4B-00C04F79EFBC}") = "AsteroidDestroyer", "AsteroidDestroyer.csproj", "{DBBD2F6E-490E-6A3E-7796-BAE61670969E}"
EndProject
Global
	GlobalSection(SolutionConfigurationPlatforms) = preSolution
		Debug|Any CPU = Debug|Any CPU
		Debug|x64 = Debug|x64
		Debug|x86 = Debug|x86
		Release|Any CPU = Release|Any CPU
		Release|x64 = Release|x64
		Release|x86 = Release|x86
	EndGlobalSection
	GlobalSection(ProjectConfigurationPlatforms) = postSolution
		{DBBD2F6E-490E-6A3E-7796-BAE61670969E}.Debug|Any CPU.ActiveCfg = Debug|Any CPU
		{DBBD2F6E-490E-6A3E-7796-BAE61670969E}.Debug|Any CPU.Build.0 = Debug|Any CPU
		{DBBD2F6E-490E-6A3E-7796-BAE61670969E}.Debug|x64.ActiveCfg = Debug|Any CPU
		{DBBD2F6E-490E-6A3E-7796-BAE61670969E}.Debug|x64.Build.0 = Debug|Any CP
		{DBBD2F6E-490E-6A3E-7796-BAE61670969E}.Debug|x86.ActiveCfg = Debug|Any CPU
		{DBBD2F6E-490E-6A3E-7796-BAE61670969E}.Debug|x86.Build.0 = Debug|Any CPU
		{DBBD2F6E-490E-6A3E-7796-BAE61670969E}.Release|Any CPU.ActiveCfg = Release|Any CPU
		{DBBD2F6E-490E-6A3E-7796-BAE61670969E}.Release|Any CPU.Build.0 = Release|Any CPU
		{DBBD2F6E-490E-6A3E-7796-BAE61670969E}.Release|x64.ActiveCfg = Release|Any CPU
		{DBBD2F6E-490E-6A3E-7796-BAE61670969E}.Release|x64.Build.0 = Release|Any CPU
		{DBBD2F6E-490E-6A3E-7796-BAE61670969E}.Release|x86.ActiveCfg = Release|Any CPU
		{DBBD2F6E-490E-6A3E-7796-BAE61670969E}.Release|x86.Build.0 = Release|Any CPU
	EndGlobalSection
	GlobalSection(SolutionProperties) = preSolution
		HideSolutionNode = FALSE
	EndGlobalSection
	GlobalSection(ExtensibilityGlobals) = postSolution
		SolutionGuid = {C429D304-9E89-4F7B-940D-FADE7D6BF124}
	EndGlobalSection
EndGlobal
