Microsoft Visual Studio Solution File, Format Version 12.00
# Visual Studio Version 17
VisualStudioVersion = 17.0.31903.59
MinimumVisualStudioVersion = 10.0.40219.1
Project("{2150E333-8FDC-42A3-9474-1A3956D46DE8}") = "src", "src", "{827E0CD3-B72D-47B6-A68D-7590B98EB39B}"
EndProject
Project("{2150E333-8FDC-42A3-9474-1A3956D46DE8}") = "main-bot", "main-bot", "{4FCDFDB7-A417-3C3F-0910-8A045F02A9B3}"
EndProject
Project("{FAE04EC0-301F-11D3-BF4B-00C04F79EFBC}") = "AsteroidDestroyer", "src\main-bot\AsteroidDestroyer\AsteroidDestroyer.csproj", "{1F36803A-1112-407D-98EC-73DC34D05CA5}"
EndProject
Project("{2150E333-8FDC-42A3-9474-1A3956D46DE8}") = "alternative-bots", "alternative-bots", "{A3963A42-BA02-1665-FEE3-9A6867D26CB0}"
EndProject
Project("{FAE04EC0-301F-11D3-BF4B-00C04F79EFBC}") = "Avenger", "src\alternative-bots\Avenger\Avenger.csproj", "{7ECD81E1-214E-4B16-B75E-EB8ABBAFDCDC}"
EndProject
Project("{FAE04EC0-301F-11D3-BF4B-00C04F79EFBC}") = "Circle", "src\alternative-bots\Circle\Circle.csproj", "{9344BA9C-ED86-4410-B278-4ECB04AEC30D}"
EndProject
Project("{FAE04EC0-301F-11D3-BF4B-00C04F79EFBC}") = "Test1", "src\alternative-bots\Test1\Test1.csproj", "{11CF20D7-48C7-496B-BF89-7EED8489669C}"
EndProject
Global
	GlobalSection(SolutionConfigurationPlatforms) = preSolution
		Debug|Any CPU = Debug|Any CPU
		Debug|x64 = Debug|x64
		Debug|x86 = Debug|x86
		Release|Any CPU = Release|Any CPU
		Release|x64 = Release|x64
		Release|x86 = Release|x86
	EndGlobalSection
	GlobalSection(ProjectConfigurationPlatforms) = postSolution
		{1F36803A-1112-407D-98EC-73DC34D05CA5}.Debug|Any CPU.ActiveCfg = Debug|Any CPU
		{1F36803A-1112-407D-98EC-73DC34D05CA5}.Debug|Any CPU.Build.0 = Debug|Any CPU
		{1F36803A-1112-407D-98EC-73DC34D05CA5}.Debug|x64.ActiveCfg = Debug|Any CPU
		{1F36803A-1112-407D-98EC-73DC34D05CA5}.Debug|x64.Build.0 = Debug|Any CPU
		{1F36803A-1112-407D-98EC-73DC34D05CA5}.Debug|x86.ActiveCfg = Debug|Any CPU
		{1F36803A-1112-407D-98EC-73DC34D05CA5}.Debug|x86.Build.0 = Debug|Any CPU
		{1F36803A-1112-407D-98EC-73DC34D05CA5}.Release|Any CPU.ActiveCfg = Release|Any CPU
		{1F36803A-1112-407D-98EC-73DC34D05CA5}.Release|Any CPU.Build.0 = Release|Any CPU
		{1F36803A-1112-407D-98EC-73DC34D05CA5}.Release|x64.ActiveCfg = Release|Any CPU
		{1F36803A-1112-407D-98EC-73DC34D05CA5}.Release|x64.Build.0 = Release|Any CPU
		{1F36803A-1112-407D-98EC-73DC34D05CA5}.Release|x86.ActiveCfg = Release|Any CPU
		{1F36803A-1112-407D-98EC-73DC34D05CA5}.Release|x86.Build.0 = Release|Any CPU
		{7ECD81E1-214E-4B16-B75E-EB8ABBAFDCDC}.Debug|Any CPU.ActiveCfg = Debug|Any CPU
		{7ECD81E1-214E-4B16-B75E-EB8ABBAFDCDC}.Debug|Any CPU.Build.0 = Debug|Any CPU
		{7ECD81E1-214E-4B16-B75E-EB8ABBAFDCDC}.Debug|x64.ActiveCfg = Debug|Any CPU
		{7ECD81E1-214E-4B16-B75E-EB8ABBAFDCDC}.Debug|x64.Build.0 = Debug|Any CPU
		{7ECD81E1-214E-4B16-B75E-EB8ABBAFDCDC}.Debug|x86.ActiveCfg = Debug|Any CPU
		{7ECD81E1-214E-4B16-B75E-EB8ABBAFDCDC}.Debug|x86.Build.0 = Debug|Any CPU
		{7ECD81E1-214E-4B16-B75E-EB8ABBAFDCDC}.Release|Any CPU.ActiveCfg = Release|Any CPU
		{7ECD81E1-214E-4B16-B75E-EB8ABBAFDCDC}.Release|Any CPU.Build.0 = Release|Any CPU
		{7ECD81E1-214E-4B16-B75E-EB8ABBAFDCDC}.Release|x64.ActiveCfg = Release|Any CPU
		{7ECD81E1-214E-4B16-B75E-EB8ABBAFDCDC}.Release|x64.Build.0 = Release|Any CPU
		{7ECD81E1-214E-4B16-B75E-EB8ABBAFDCDC}.Release|x86.ActiveCfg = Release|Any CPU
		{7ECD81E1-214E-4B16-B75E-EB8ABBAFDCDC}.Release|x86.Build.0 = Release|Any CPU
		{9344BA9C-ED86-4410-B278-4ECB04AEC30D}.Debug|Any CPU.ActiveCfg = Debug|Any CPU
		{9344BA9C-ED86-4410-B278-4ECB04AEC30D}.Debug|Any CPU.Build.0 = Debug|Any CPU
		{9344BA9C-ED86-4410-B278-4ECB04AEC30D}.Debug|x64.ActiveCfg = Debug|Any CPU
		{9344BA9C-ED86-4410-B278-4ECB04AEC30D}.Debug|x64.Build.0 = Debug|Any CPU
		{9344BA9C-ED86-4410-B278-4ECB04AEC30D}.Debug|x86.ActiveCfg = Debug|Any CPU
		{9344BA9C-ED86-4410-B278-4ECB04AEC30D}.Debug|x86.Build.0 = Debug|Any CPU
		{9344BA9C-ED86-4410-B278-4ECB04AEC30D}.Release|Any CPU.ActiveCfg = Release|Any CPU
		{9344BA9C-ED86-4410-B278-4ECB04AEC30D}.Release|Any CPU.Build.0 = Release|Any CPU
		{9344BA9C-ED86-4410-B278-4ECB04AEC30D}.Release|x64.ActiveCfg = Release|Any CPU
		{9344BA9C-ED86-4410-B278-4ECB04AEC30D}.Release|x64.Build.0 = Release|Any CPU
		{9344BA9C-ED86-4410-B278-4ECB04AEC30D}.Release|x86.ActiveCfg = Release|Any CPU
		{9344BA9C-ED86-4410-B278-4ECB04AEC30D}.Release|x86.Build.0 = Release|Any CPU
		{11CF20D7-48C7-496B-BF89-7EED8489669C}.Debug|Any CPU.ActiveCfg = Debug|Any CPU
		{11CF20D7-48C7-496B-BF89-7EED8489669C}.Debug|Any CPU.Build.0 = Debug|Any CPU
		{11CF20D7-48C7-496B-BF89-7EED8489669C}.Debug|x64.ActiveCfg = Debug|Any CPU
		{11CF20D7-48C7-496B-BF89-7EED8489669C}.Debug|x64.Build.0 = Debug|Any CPU
		{11CF20D7-48C7-496B-BF89-7EED8489669C}.Debug|x86.ActiveCfg = Debug|Any CPU
		{11CF20D7-48C7-496B-BF89-7EED8489669C}.Debug|x86.Build.0 = Debug|Any CPU
		{11CF20D7-48C7-496B-BF89-7EED8489669C}.Release|Any CPU.ActiveCfg = Release|Any CPU
		{11CF20D7-48C7-496B-BF89-7EED8489669C}.Release|Any CPU.Build.0 = Release|Any CPU
		{11CF20D7-48C7-496B-BF89-7EED8489669C}.Release|x64.ActiveCfg = Release|Any CPU
		{11CF20D7-48C7-496B-BF89-7EED8489669C}.Release|x64.Build.0 = Release|Any CPU
		{11CF20D7-48C7-496B-BF89-7EED8489669C}.Release|x86.ActiveCfg = Release|Any CPU
		{11CF20D7-48C7-496B-BF89-7EED8489669C}.Release|x86.Build.0 = Release|Any CPU
	EndGlobalSection
	GlobalSection(SolutionProperties) = preSolution
		HideSolutionNode = FALSE
	EndGlobalSection
	GlobalSection(NestedProjects) = preSolution
		{4FCDFDB7-A417-3C3F-0910-8A045F02A9B3} = {827E0CD3-B72D-47B6-A68D-7590B98EB39B}
		{1F36803A-1112-407D-98EC-73DC34D05CA5} = {4FCDFDB7-A417-3C3F-0910-8A045F02A9B3}
		{A3963A42-BA02-1665-FEE3-9A6867D26CB0} = {827E0CD3-B72D-47B6-A68D-7590B98EB39B}
		{7ECD81E1-214E-4B16-B75E-EB8ABBAFDCDC} = {A3963A42-BA02-1665-FEE3-9A6867D26CB0}
		{9344BA9C-ED86-4410-B278-4ECB04AEC30D} = {A3963A42-BA02-1665-FEE3-9A6867D26CB0}
		{11CF20D7-48C7-496B-BF89-7EED8489669C} = {A3963A42-BA02-1665-FEE3-9A6867D26CB0}
	EndGlobalSection
EndGlobal
